// !$*UTF8*$!
{
	archiveVersion = 1;
	classes = {
	};
	objectVersion = 46;
	objects = {

/* Begin PBXBuildFile section */
		459B393B1B4098EB008FB1C1 /* AppDelegate.swift in Sources */ = {isa = PBXBuildFile; fileRef = 459B393A1B4098EB008FB1C1 /* AppDelegate.swift */; };
		459B393D1B4098EB008FB1C1 /* ViewController.swift in Sources */ = {isa = PBXBuildFile; fileRef = 459B393C1B4098EB008FB1C1 /* ViewController.swift */; };
		459B39401B4098EB008FB1C1 /* Main.storyboard in Resources */ = {isa = PBXBuildFile; fileRef = 459B393E1B4098EB008FB1C1 /* Main.storyboard */; };
		459B39421B4098EB008FB1C1 /* Images.xcassets in Resources */ = {isa = PBXBuildFile; fileRef = 459B39411B4098EB008FB1C1 /* Images.xcassets */; };
		459B39451B4098EB008FB1C1 /* LaunchScreen.xib in Resources */ = {isa = PBXBuildFile; fileRef = 459B39431B4098EB008FB1C1 /* LaunchScreen.xib */; };
		459B39511B4098EB008FB1C1 /* alphaTests.swift in Sources */ = {isa = PBXBuildFile; fileRef = 459B39501B4098EB008FB1C1 /* alphaTests.swift */; };
		459B39661B409932008FB1C1 /* RebekkaTouch.framework in CopyFiles */ = {isa = PBXBuildFile; fileRef = 459B39621B4098F9008FB1C1 /* RebekkaTouch.framework */; settings = {ATTRIBUTES = (CodeSignOnCopy, RemoveHeadersOnCopy, ); }; };
		459B39711B41CBE9008FB1C1 /* CreateDirectoryViewController.swift in Sources */ = {isa = PBXBuildFile; fileRef = 459B39701B41CBE9008FB1C1 /* CreateDirectoryViewController.swift */; };
		459B39731B41CC37008FB1C1 /* DirectoryListTableViewController.swift in Sources */ = {isa = PBXBuildFile; fileRef = 459B39721B41CC37008FB1C1 /* DirectoryListTableViewController.swift */; };
		459B39AE1B421FB3008FB1C1 /* PhotoViewController.swift in Sources */ = {isa = PBXBuildFile; fileRef = 459B39AD1B421FB3008FB1C1 /* PhotoViewController.swift */; };
/* End PBXBuildFile section */

/* Begin PBXContainerItemProxy section */
		459B394B1B4098EB008FB1C1 /* PBXContainerItemProxy */ = {
			isa = PBXContainerItemProxy;
			containerPortal = 459B392D1B4098EB008FB1C1 /* Project object */;
			proxyType = 1;
			remoteGlobalIDString = 459B39341B4098EB008FB1C1;
			remoteInfo = alpha;
		};
		459B395F1B4098F9008FB1C1 /* PBXContainerItemProxy */ = {
			isa = PBXContainerItemProxy;
			containerPortal = 459B395A1B4098F8008FB1C1 /* Rebekka.xcodeproj */;
			proxyType = 2;
			remoteGlobalIDString = 47FFC2831B09279200D3EDFE;
			remoteInfo = Rebekka;
		};
		459B39611B4098F9008FB1C1 /* PBXContainerItemProxy */ = {
			isa = PBXContainerItemProxy;
			containerPortal = 459B395A1B4098F8008FB1C1 /* Rebekka.xcodeproj */;
			proxyType = 2;
			remoteGlobalIDString = 47FFC2DC1B09297E00D3EDFE;
			remoteInfo = RebekkaTouch;
		};
		459B39631B40990B008FB1C1 /* PBXContainerItemProxy */ = {
			isa = PBXContainerItemProxy;
			containerPortal = 459B395A1B4098F8008FB1C1 /* Rebekka.xcodeproj */;
			proxyType = 1;
			remoteGlobalIDString = 47FFC2DB1B09297E00D3EDFE;
			remoteInfo = RebekkaTouch;
		};
/* End PBXContainerItemProxy section */

/* Begin PBXCopyFilesBuildPhase section */
		459B39651B409916008FB1C1 /* CopyFiles */ = {
			isa = PBXCopyFilesBuildPhase;
			buildActionMask = 2147483647;
			dstPath = "";
			dstSubfolderSpec = 10;
			files = (
				459B39661B409932008FB1C1 /* RebekkaTouch.framework in CopyFiles */,
			);
			runOnlyForDeploymentPostprocessing = 0;
		};
/* End PBXCopyFilesBuildPhase section */

/* Begin PBXFileReference section */
		459B39351B4098EB008FB1C1 /* alpha.app */ = {isa = PBXFileReference; explicitFileType = wrapper.application; includeInIndex = 0; path = alpha.app; sourceTree = BUILT_PRODUCTS_DIR; };
		459B39391B4098EB008FB1C1 /* Info.plist */ = {isa = PBXFileReference; lastKnownFileType = text.plist.xml; path = Info.plist; sourceTree = "<group>"; };
		459B393A1B4098EB008FB1C1 /* AppDelegate.swift */ = {isa = PBXFileReference; lastKnownFileType = sourcecode.swift; path = AppDelegate.swift; sourceTree = "<group>"; };
		459B393C1B4098EB008FB1C1 /* ViewController.swift */ = {isa = PBXFileReference; lastKnownFileType = sourcecode.swift; path = ViewController.swift; sourceTree = "<group>"; };
		459B393F1B4098EB008FB1C1 /* Base */ = {isa = PBXFileReference; lastKnownFileType = file.storyboard; name = Base; path = Base.lproj/Main.storyboard; sourceTree = "<group>"; };
		459B39411B4098EB008FB1C1 /* Images.xcassets */ = {isa = PBXFileReference; lastKnownFileType = folder.assetcatalog; path = Images.xcassets; sourceTree = "<group>"; };
		459B39441B4098EB008FB1C1 /* Base */ = {isa = PBXFileReference; lastKnownFileType = file.xib; name = Base; path = Base.lproj/LaunchScreen.xib; sourceTree = "<group>"; };
		459B394A1B4098EB008FB1C1 /* alphaTests.xctest */ = {isa = PBXFileReference; explicitFileType = wrapper.cfbundle; includeInIndex = 0; path = alphaTests.xctest; sourceTree = BUILT_PRODUCTS_DIR; };
		459B394F1B4098EB008FB1C1 /* Info.plist */ = {isa = PBXFileReference; lastKnownFileType = text.plist.xml; path = Info.plist; sourceTree = "<group>"; };
		459B39501B4098EB008FB1C1 /* alphaTests.swift */ = {isa = PBXFileReference; lastKnownFileType = sourcecode.swift; path = alphaTests.swift; sourceTree = "<group>"; };
		459B395A1B4098F8008FB1C1 /* Rebekka.xcodeproj */ = {isa = PBXFileReference; lastKnownFileType = "wrapper.pb-project"; name = Rebekka.xcodeproj; path = "../../swiftFTP/rebekka-source/Rebekka.xcodeproj"; sourceTree = "<group>"; };
		459B39701B41CBE9008FB1C1 /* CreateDirectoryViewController.swift */ = {isa = PBXFileReference; fileEncoding = 4; lastKnownFileType = sourcecode.swift; path = CreateDirectoryViewController.swift; sourceTree = "<group>"; };
		459B39721B41CC37008FB1C1 /* DirectoryListTableViewController.swift */ = {isa = PBXFileReference; fileEncoding = 4; lastKnownFileType = sourcecode.swift; path = DirectoryListTableViewController.swift; sourceTree = "<group>"; };
		459B39AD1B421FB3008FB1C1 /* PhotoViewController.swift */ = {isa = PBXFileReference; fileEncoding = 4; lastKnownFileType = sourcecode.swift; path = PhotoViewController.swift; sourceTree = "<group>"; };
/* End PBXFileReference section */

/* Begin PBXFrameworksBuildPhase section */
		459B39321B4098EB008FB1C1 /* Frameworks */ = {
			isa = PBXFrameworksBuildPhase;
			buildActionMask = 2147483647;
			files = (
			);
			runOnlyForDeploymentPostprocessing = 0;
		};
		459B39471B4098EB008FB1C1 /* Frameworks */ = {
			isa = PBXFrameworksBuildPhase;
			buildActionMask = 2147483647;
			files = (
			);
			runOnlyForDeploymentPostprocessing = 0;
		};
/* End PBXFrameworksBuildPhase section */

/* Begin PBXGroup section */
		459B392C1B4098EB008FB1C1 = {
			isa = PBXGroup;
			children = (
				459B39701B41CBE9008FB1C1 /* CreateDirectoryViewController.swift */,
				459B39371B4098EB008FB1C1 /* alpha */,
				459B394D1B4098EB008FB1C1 /* alphaTests */,
				459B39361B4098EB008FB1C1 /* Products */,
				459B395A1B4098F8008FB1C1 /* Rebekka.xcodeproj */,
			);
			sourceTree = "<group>";
		};
		459B39361B4098EB008FB1C1 /* Products */ = {
			isa = PBXGroup;
			children = (
				459B39351B4098EB008FB1C1 /* alpha.app */,
				459B394A1B4098EB008FB1C1 /* alphaTests.xctest */,
			);
			name = Products;
			sourceTree = "<group>";
		};
		459B39371B4098EB008FB1C1 /* alpha */ = {
			isa = PBXGroup;
			children = (
				459B393A1B4098EB008FB1C1 /* AppDelegate.swift */,
				459B393C1B4098EB008FB1C1 /* ViewController.swift */,
				459B39AD1B421FB3008FB1C1 /* PhotoViewController.swift */,
				459B393E1B4098EB008FB1C1 /* Main.storyboard */,
				459B39721B41CC37008FB1C1 /* DirectoryListTableViewController.swift */,
				459B39411B4098EB008FB1C1 /* Images.xcassets */,
				459B39431B4098EB008FB1C1 /* LaunchScreen.xib */,
				459B39381B4098EB008FB1C1 /* Supporting Files */,
			);
			path = alpha;
			sourceTree = "<group>";
		};
		459B39381B4098EB008FB1C1 /* Supporting Files */ = {
			isa = PBXGroup;
			children = (
				459B39391B4098EB008FB1C1 /* Info.plist */,
			);
			name = "Supporting Files";
			sourceTree = "<group>";
		};
		459B394D1B4098EB008FB1C1 /* alphaTests */ = {
			isa = PBXGroup;
			children = (
				459B39501B4098EB008FB1C1 /* alphaTests.swift */,
				459B394E1B4098EB008FB1C1 /* Supporting Files */,
			);
			path = alphaTests;
			sourceTree = "<group>";
		};
		459B394E1B4098EB008FB1C1 /* Supporting Files */ = {
			isa = PBXGroup;
			children = (
				459B394F1B4098EB008FB1C1 /* Info.plist */,
			);
			name = "Supporting Files";
			sourceTree = "<group>";
		};
		459B395B1B4098F8008FB1C1 /* Products */ = {
			isa = PBXGroup;
			children = (
				459B39601B4098F9008FB1C1 /* Rebekka.framework */,
				459B39621B4098F9008FB1C1 /* RebekkaTouch.framework */,
			);
			name = Products;
			sourceTree = "<group>";
		};
/* End PBXGroup section */

/* Begin PBXNativeTarget section */
		459B39341B4098EB008FB1C1 /* alpha */ = {
			isa = PBXNativeTarget;
			buildConfigurationList = 459B39541B4098EB008FB1C1 /* Build configuration list for PBXNativeTarget "alpha" */;
			buildPhases = (
				459B39311B4098EB008FB1C1 /* Sources */,
				459B39321B4098EB008FB1C1 /* Frameworks */,
				459B39331B4098EB008FB1C1 /* Resources */,
				459B39651B409916008FB1C1 /* CopyFiles */,
			);
			buildRules = (
			);
			dependencies = (
				459B39641B40990B008FB1C1 /* PBXTargetDependency */,
			);
			name = alpha;
			productName = alpha;
			productReference = 459B39351B4098EB008FB1C1 /* alpha.app */;
			productType = "com.apple.product-type.application";
		};
		459B39491B4098EB008FB1C1 /* alphaTests */ = {
			isa = PBXNativeTarget;
			buildConfigurationList = 459B39571B4098EB008FB1C1 /* Build configuration list for PBXNativeTarget "alphaTests" */;
			buildPhases = (
				459B39461B4098EB008FB1C1 /* Sources */,
				459B39471B4098EB008FB1C1 /* Frameworks */,
				459B39481B4098EB008FB1C1 /* Resources */,
			);
			buildRules = (
			);
			dependencies = (
				459B394C1B4098EB008FB1C1 /* PBXTargetDependency */,
			);
			name = alphaTests;
			productName = alphaTests;
			productReference = 459B394A1B4098EB008FB1C1 /* alphaTests.xctest */;
			productType = "com.apple.product-type.bundle.unit-test";
		};
/* End PBXNativeTarget section */

/* Begin PBXProject section */
		459B392D1B4098EB008FB1C1 /* Project object */ = {
			isa = PBXProject;
			attributes = {
				LastUpgradeCheck = 0630;
				ORGANIZATIONNAME = "Corey Howell";
				TargetAttributes = {
					459B39341B4098EB008FB1C1 = {
						CreatedOnToolsVersion = 6.3.2;
					};
					459B39491B4098EB008FB1C1 = {
						CreatedOnToolsVersion = 6.3.2;
						TestTargetID = 459B39341B4098EB008FB1C1;
					};
				};
			};
			buildConfigurationList = 459B39301B4098EB008FB1C1 /* Build configuration list for PBXProject "alpha" */;
			compatibilityVersion = "Xcode 3.2";
			developmentRegion = English;
			hasScannedForEncodings = 0;
			knownRegions = (
				en,
				Base,
			);
			mainGroup = 459B392C1B4098EB008FB1C1;
			productRefGroup = 459B39361B4098EB008FB1C1 /* Products */;
			projectDirPath = "";
			projectReferences = (
				{
					ProductGroup = 459B395B1B4098F8008FB1C1 /* Products */;
					ProjectRef = 459B395A1B4098F8008FB1C1 /* Rebekka.xcodeproj */;
				},
			);
			projectRoot = "";
			targets = (
				459B39341B4098EB008FB1C1 /* alpha */,
				459B39491B4098EB008FB1C1 /* alphaTests */,
			);
		};
/* End PBXProject section */

/* Begin PBXReferenceProxy section */
		459B39601B4098F9008FB1C1 /* Rebekka.framework */ = {
			isa = PBXReferenceProxy;
			fileType = wrapper.framework;
			path = Rebekka.framework;
			remoteRef = 459B395F1B4098F9008FB1C1 /* PBXContainerItemProxy */;
			sourceTree = BUILT_PRODUCTS_DIR;
		};
		459B39621B4098F9008FB1C1 /* RebekkaTouch.framework */ = {
			isa = PBXReferenceProxy;
			fileType = wrapper.framework;
			path = RebekkaTouch.framework;
			remoteRef = 459B39611B4098F9008FB1C1 /* PBXContainerItemProxy */;
			sourceTree = BUILT_PRODUCTS_DIR;
		};
/* End PBXReferenceProxy section */

/* Begin PBXResourcesBuildPhase section */
		459B39331B4098EB008FB1C1 /* Resources */ = {
			isa = PBXResourcesBuildPhase;
			buildActionMask = 2147483647;
			files = (
				459B39401B4098EB008FB1C1 /* Main.storyboard in Resources */,
				459B39451B4098EB008FB1C1 /* LaunchScreen.xib in Resources */,
				459B39421B4098EB008FB1C1 /* Images.xcassets in Resources */,
			);
			runOnlyForDeploymentPostprocessing = 0;
		};
		459B39481B4098EB008FB1C1 /* Resources */ = {
			isa = PBXResourcesBuildPhase;
			buildActionMask = 2147483647;
			files = (
			);
			runOnlyForDeploymentPostprocessing = 0;
		};
/* End PBXResourcesBuildPhase section */

/* Begin PBXSourcesBuildPhase section */
		459B39311B4098EB008FB1C1 /* Sources */ = {
			isa = PBXSourcesBuildPhase;
			buildActionMask = 2147483647;
			files = (
				459B39711B41CBE9008FB1C1 /* CreateDirectoryViewController.swift in Sources */,
				459B39731B41CC37008FB1C1 /* DirectoryListTableViewController.swift in Sources */,
				459B393D1B4098EB008FB1C1 /* ViewController.swift in Sources */,
				459B393B1B4098EB008FB1C1 /* AppDelegate.swift in Sources */,
				459B39AE1B421FB3008FB1C1 /* PhotoViewController.swift in Sources */,
			);
			runOnlyForDeploymentPostprocessing = 0;
		};
		459B39461B4098EB008FB1C1 /* Sources */ = {
			isa = PBXSourcesBuildPhase;
			buildActionMask = 2147483647;
			files = (
				459B39511B4098EB008FB1C1 /* alphaTests.swift in Sources */,
			);
			runOnlyForDeploymentPostprocessing = 0;
		};
/* End PBXSourcesBuildPhase section */

/* Begin PBXTargetDependency section */
		459B394C1B4098EB008FB1C1 /* PBXTargetDependency */ = {
			isa = PBXTargetDependency;
			target = 459B39341B4098EB008FB1C1 /* alpha */;
			targetProxy = 459B394B1B4098EB008FB1C1 /* PBXContainerItemProxy */;
		};
		459B39641B40990B008FB1C1 /* PBXTargetDependency */ = {
			isa = PBXTargetDependency;
			name = RebekkaTouch;
			targetProxy = 459B39631B40990B008FB1C1 /* PBXContainerItemProxy */;
		};
/* End PBXTargetDependency section */

/* Begin PBXVariantGroup section */
		459B393E1B4098EB008FB1C1 /* Main.storyboard */ = {
			isa = PBXVariantGroup;
			children = (
				459B393F1B4098EB008FB1C1 /* Base */,
			);
			name = Main.storyboard;
			sourceTree = "<group>";
		};
		459B39431B4098EB008FB1C1 /* LaunchScreen.xib */ = {
			isa = PBXVariantGroup;
			children = (
				459B39441B4098EB008FB1C1 /* Base */,
			);
			name = LaunchScreen.xib;
			sourceTree = "<group>";
		};
/* End PBXVariantGroup section */

/* Begin XCBuildConfiguration section */
		459B39521B4098EB008FB1C1 /* Debug */ = {
			isa = XCBuildConfiguration;
			buildSettings = {
				ALWAYS_SEARCH_USER_PATHS = NO;
				CLANG_CXX_LANGUAGE_STANDARD = "gnu++0x";
				CLANG_CXX_LIBRARY = "libc++";
				CLANG_ENABLE_MODULES = YES;
				CLANG_ENABLE_OBJC_ARC = YES;
				CLANG_WARN_BOOL_CONVERSION = YES;
				CLANG_WARN_CONSTANT_CONVERSION = YES;
				CLANG_WARN_DIRECT_OBJC_ISA_USAGE = YES_ERROR;
				CLANG_WARN_EMPTY_BODY = YES;
				CLANG_WARN_ENUM_CONVERSION = YES;
				CLANG_WARN_INT_CONVERSION = YES;
				CLANG_WARN_OBJC_ROOT_CLASS = YES_ERROR;
				CLANG_WARN_UNREACHABLE_CODE = YES;
				CLANG_WARN__DUPLICATE_METHOD_MATCH = YES;
				"CODE_SIGN_IDENTITY[sdk=iphoneos*]" = "iPhone Developer";
				COPY_PHASE_STRIP = NO;
				DEBUG_INFORMATION_FORMAT = "dwarf-with-dsym";
				ENABLE_STRICT_OBJC_MSGSEND = YES;
				GCC_C_LANGUAGE_STANDARD = gnu99;
				GCC_DYNAMIC_NO_PIC = NO;
				GCC_NO_COMMON_BLOCKS = YES;
				GCC_OPTIMIZATION_LEVEL = 0;
				GCC_PREPROCESSOR_DEFINITIONS = (
					"DEBUG=1",
					"$(inherited)",
				);
				GCC_SYMBOLS_PRIVATE_EXTERN = NO;
				GCC_WARN_64_TO_32_BIT_CONVERSION = YES;
				GCC_WARN_ABOUT_RETURN_TYPE = YES_ERROR;
				GCC_WARN_UNDECLARED_SELECTOR = YES;
				GCC_WARN_UNINITIALIZED_AUTOS = YES_AGGRESSIVE;
				GCC_WARN_UNUSED_FUNCTION = YES;
				GCC_WARN_UNUSED_VARIABLE = YES;
				IPHONEOS_DEPLOYMENT_TARGET = 8.3;
				MTL_ENABLE_DEBUG_INFO = YES;
				ONLY_ACTIVE_ARCH = YES;
				SDKROOT = iphoneos;
				SWIFT_OPTIMIZATION_LEVEL = "-Onone";
				TARGETED_DEVICE_FAMILY = "1,2";
			};
			name = Debug;
		};
		459B39531B4098EB008FB1C1 /* Release */ = {
			isa = XCBuildConfiguration;
			buildSettings = {
				ALWAYS_SEARCH_USER_PATHS = NO;
				CLANG_CXX_LANGUAGE_STANDARD = "gnu++0x";
				CLANG_CXX_LIBRARY = "libc++";
				CLANG_ENABLE_MODULES = YES;
				CLANG_ENABLE_OBJC_ARC = YES;
				CLANG_WARN_BOOL_CONVERSION = YES;
				CLANG_WARN_CONSTANT_CONVERSION = YES;
				CLANG_WARN_DIRECT_OBJC_ISA_USAGE = YES_ERROR;
				CLANG_WARN_EMPTY_BODY = YES;
				CLANG_WARN_ENUM_CONVERSION = YES;
				CLANG_WARN_INT_CONVERSION = YES;
				CLANG_WARN_OBJC_ROOT_CLASS = YES_ERROR;
				CLANG_WARN_UNREACHABLE_CODE = YES;
				CLANG_WARN__DUPLICATE_METHOD_MATCH = YES;
				"CODE_SIGN_IDENTITY[sdk=iphoneos*]" = "iPhone Developer";
				COPY_PHASE_STRIP = NO;
				DEBUG_INFORMATION_FORMAT = "dwarf-with-dsym";
				ENABLE_NS_ASSERTIONS = NO;
				ENABLE_STRICT_OBJC_MSGSEND = YES;
				GCC_C_LANGUAGE_STANDARD = gnu99;
				GCC_NO_COMMON_BLOCKS = YES;
				GCC_WARN_64_TO_32_BIT_CONVERSION = YES;
				GCC_WARN_ABOUT_RETURN_TYPE = YES_ERROR;
				GCC_WARN_UNDECLARED_SELECTOR = YES;
				GCC_WARN_UNINITIALIZED_AUTOS = YES_AGGRESSIVE;
				GCC_WARN_UNUSED_FUNCTION = YES;
				GCC_WARN_UNUSED_VARIABLE = YES;
				IPHONEOS_DEPLOYMENT_TARGET = 8.3;
				MTL_ENABLE_DEBUG_INFO = NO;
				SDKROOT = iphoneos;
				TARGETED_DEVICE_FAMILY = "1,2";
				VALIDATE_PRODUCT = YES;
			};
			name = Release;
		};
		459B39551B4098EB008FB1C1 /* Debug */ = {
			isa = XCBuildConfiguration;
			buildSettings = {
				ASSETCATALOG_COMPILER_APPICON_NAME = AppIcon;
				INFOPLIST_FILE = alpha/Info.plist;
				LD_RUNPATH_SEARCH_PATHS = "$(inherited) @executable_path/Frameworks";
				PRODUCT_NAME = "$(TARGET_NAME)";
			};
			name = Debug;
		};
		459B39561B4098EB008FB1C1 /* Release */ = {
			isa = XCBuildConfiguration;
			buildSettings = {
				ASSETCATALOG_COMPILER_APPICON_NAME = AppIcon;
				INFOPLIST_FILE = alpha/Info.plist;
				LD_RUNPATH_SEARCH_PATHS = "$(inherited) @executable_path/Frameworks";
				PRODUCT_NAME = "$(TARGET_NAME)";
			};
			name = Release;
		};
		459B39581B4098EB008FB1C1 /* Debug */ = {
			isa = XCBuildConfiguration;
			buildSettings = {
				BUNDLE_LOADER = "$(TEST_HOST)";
				FRAMEWORK_SEARCH_PATHS = (
					"$(SDKROOT)/Developer/Library/Frameworks",
					"$(inherited)",
				);
				GCC_PREPROCESSOR_DEFINITIONS = (
					"DEBUG=1",
					"$(inherited)",
				);
				INFOPLIST_FILE = alphaTests/Info.plist;
				LD_RUNPATH_SEARCH_PATHS = "$(inherited) @executable_path/Frameworks @loader_path/Frameworks";
				PRODUCT_NAME = "$(TARGET_NAME)";
				TEST_HOST = "$(BUILT_PRODUCTS_DIR)/alpha.app/alpha";
			};
			name = Debug;
		};
		459B39591B4098EB008FB1C1 /* Release */ = {
			isa = XCBuildConfiguration;
			buildSettings = {
				BUNDLE_LOADER = "$(TEST_HOST)";
				FRAMEWORK_SEARCH_PATHS = (
					"$(SDKROOT)/Developer/Library/Frameworks",
					"$(inherited)",
				);
				INFOPLIST_FILE = alphaTests/Info.plist;
				LD_RUNPATH_SEARCH_PATHS = "$(inherited) @executable_path/Frameworks @loader_path/Frameworks";
				PRODUCT_NAME = "$(TARGET_NAME)";
				TEST_HOST = "$(BUILT_PRODUCTS_DIR)/alpha.app/alpha";
			};
			name = Release;
		};
/* End XCBuildConfiguration section */

/* Begin XCConfigurationList section */
		459B39301B4098EB008FB1C1 /* Build configuration list for PBXProject "alpha" */ = {
			isa = XCConfigurationList;
			buildConfigurations = (
				459B39521B4098EB008FB1C1 /* Debug */,
				459B39531B4098EB008FB1C1 /* Release */,
			);
			defaultConfigurationIsVisible = 0;
			defaultConfigurationName = Release;
		};
		459B39541B4098EB008FB1C1 /* Build configuration list for PBXNativeTarget "alpha" */ = {
			isa = XCConfigurationList;
			buildConfigurations = (
				459B39551B4098EB008FB1C1 /* Debug */,
				459B39561B4098EB008FB1C1 /* Release */,
			);
			defaultConfigurationIsVisible = 0;
			defaultConfigurationName = Release;
		};
		459B39571B4098EB008FB1C1 /* Build configuration list for PBXNativeTarget "alphaTests" */ = {
			isa = XCConfigurationList;
			buildConfigurations = (
				459B39581B4098EB008FB1C1 /* Debug */,
				459B39591B4098EB008FB1C1 /* Release */,
			);
			defaultConfigurationIsVisible = 0;
			defaultConfigurationName = Release;
		};
/* End XCConfigurationList section */
	};
	rootObject = 459B392D1B4098EB008FB1C1 /* Project object */;
}
